
Microsoft Visual Studio Solution File, Format Version 12.00
# Visual Studio 2013
VisualStudioVersion = 12.0.21005.1
MinimumVisualStudioVersion = 10.0.40219.1
Project("{8BC9CEB8-8B4A-11D0-8D11-00A0C91BC942}") = "A2MagicCube", "A2MagicCube\A2MagicCube.vcxproj", "{0ADB4C0C-B558-4F50-B7AE-7949D14F8456}"
EndProject
Project("{2150E333-8FDC-42A3-9474-1A3956D46DE8}") = "headers", "headers", "{45893EF1-0E32-4073-A13A-F3CF6FF506EE}"
	ProjectSection(SolutionItems) = preProject
		include\camera.h = include\camera.h
		include\filesystem.h = include\filesystem.h
		include\HalfEdge.h = include\HalfEdge.h
		include\mesh.h = include\mesh.h
		include\model.h = include\model.h
		include\shader.h = include\shader.h
	EndProjectSection
EndProject
Project("{8BC9CEB8-8B4A-11D0-8D11-00A0C91BC942}") = "A6TerrainEngine", "A6TerrainEngine\A6TerrainEngine.vcxproj", "{EEE94ACC-931C-47BD-99DE-8E1A7353C9E6}"
EndProject
Project("{8BC9CEB8-8B4A-11D0-8D11-00A0C91BC942}") = "B4HalfEdge", "B4HalfEdge\B4HalfEdge.vcxproj", "{7C747835-FC1F-400C-AAB6-9AD3842EB175}"
EndProject
Project("{8BC9CEB8-8B4A-11D0-8D11-00A0C91BC942}") = "B5HalfEdgeShading", "B5HalfEdgeShading\B5HalfEdgeShading.vcxproj", "{F6FE3F57-86F1-4582-9BDE-F220436A4848}"
EndProject
Project("{8BC9CEB8-8B4A-11D0-8D11-00A0C91BC942}") = "B8MeshSimplification", "B8MeshSimplification\B8MeshSimplification.vcxproj", "{F2C683AB-5589-40F9-99FD-AC91BEAB930A}"
EndProject
Project("{2150E333-8FDC-42A3-9474-1A3956D46DE8}") = "Solution Items", "Solution Items", "{1AE24E97-40F1-4E02-B3FF-0526BD705C66}"
EndProject
Global
	GlobalSection(SolutionConfigurationPlatforms) = preSolution
		Debug|Win32 = Debug|Win32
		Release|Win32 = Release|Win32
	EndGlobalSection
	GlobalSection(ProjectConfigurationPlatforms) = postSolution
		{0ADB4C0C-B558-4F50-B7AE-7949D14F8456}.Debug|Win32.ActiveCfg = Debug|Win32
		{0ADB4C0C-B558-4F50-B7AE-7949D14F8456}.Debug|Win32.Build.0 = Debug|Win32
		{0ADB4C0C-B558-4F50-B7AE-7949D14F8456}.Release|Win32.ActiveCfg = Release|Win32
		{0ADB4C0C-B558-4F50-B7AE-7949D14F8456}.Release|Win32.Build.0 = Release|Win32
		{EEE94ACC-931C-47BD-99DE-8E1A7353C9E6}.Debug|Win32.ActiveCfg = Debug|Win32
		{EEE94ACC-931C-47BD-99DE-8E1A7353C9E6}.Debug|Win32.Build.0 = Debug|Win32
		{EEE94ACC-931C-47BD-99DE-8E1A7353C9E6}.Release|Win32.ActiveCfg = Release|Win32
		{EEE94ACC-931C-47BD-99DE-8E1A7353C9E6}.Release|Win32.Build.0 = Release|Win32
		{7C747835-FC1F-400C-AAB6-9AD3842EB175}.Debug|Win32.ActiveCfg = Debug|Win32
		{7C747835-FC1F-400C-AAB6-9AD3842EB175}.Debug|Win32.Build.0 = Debug|Win32
		{7C747835-FC1F-400C-AAB6-9AD3842EB175}.Release|Win32.ActiveCfg = Release|Win32
		{7C747835-FC1F-400C-AAB6-9AD3842EB175}.Release|Win32.Build.0 = Release|Win32
		{F6FE3F57-86F1-4582-9BDE-F220436A4848}.Debug|Win32.ActiveCfg = Debug|Win32
		{F6FE3F57-86F1-4582-9BDE-F220436A4848}.Debug|Win32.Build.0 = Debug|Win32
		{F6FE3F57-86F1-4582-9BDE-F220436A4848}.Release|Win32.ActiveCfg = Release|Win32
		{F6FE3F57-86F1-4582-9BDE-F220436A4848}.Release|Win32.Build.0 = Release|Win32
		{F2C683AB-5589-40F9-99FD-AC91BEAB930A}.Debug|Win32.ActiveCfg = Debug|Win32
		{F2C683AB-5589-40F9-99FD-AC91BEAB930A}.Debug|Win32.Build.0 = Debug|Win32
		{F2C683AB-5589-40F9-99FD-AC91BEAB930A}.Release|Win32.ActiveCfg = Release|Win32
		{F2C683AB-5589-40F9-99FD-AC91BEAB930A}.Release|Win32.Build.0 = Release|Win32
	EndGlobalSection
	GlobalSection(SolutionProperties) = preSolution
		HideSolutionNode = FALSE
	EndGlobalSection
EndGlobal
